// !$*UTF8*$!
{
	archiveVersion = 1;
	classes = {
	};
	objectVersion = 77;
	objects = {

/* Begin PBXBuildFile section */
		34AEE3552F9BC5590012922B /* GoogleService-Info.plist in Resources */ = {isa = PBXBuildFile; fileRef = 34AEE3542F9BC5590012922B /* GoogleService-Info.plist */; };
		34AEE3562F9BC5590012922B /* GoogleService-Info.plist in Resources */ = {isa = PBXBuildFile; fileRef = 34AEE3542F9BC5590012922B /* GoogleService-Info.plist */; };
		34AEE3672F9BC67B0012922B /* FirebaseAuth in Frameworks */ = {isa = PBXBuildFile; productRef = 34AEE3662F9BC67B0012922B /* FirebaseAuth */; };
		34AEE3692F9BC67B0012922B /* FirebaseCore in Frameworks */ = {isa = PBXBuildFile; productRef = 34AEE3682F9BC67B0012922B /* FirebaseCore */; };
		34AEE36D2F9BC67B0012922B /* FirebaseDatabase in Frameworks */ = {isa = PBXBuildFile; productRef = 34AEE36C2F9BC67B0012922B /* FirebaseDatabase */; };
		34AEE36F2F9BC67B0012922B /* FirebaseFirestore in Frameworks */ = {isa = PBXBuildFile; productRef = 34AEE36E2F9BC67B0012922B /* FirebaseFirestore */; };
		34AEE37B2F9BC67B0012922B /* FirebaseRemoteConfig in Frameworks */ = {isa = PBXBuildFile; productRef = 34AEE37A2F9BC67B0012922B /* FirebaseRemoteConfig */; };
		34AEE3D12F9D0A560012922B /* GoogleMobileAds in Frameworks */ = {isa = PBXBuildFile; productRef = 34AEE3D02F9D0A560012922B /* GoogleMobileAds */; };
/* End PBXBuildFile section */

/* Begin PBXContainerItemProxy section */
		34AEE3202F9BBC200012922B /* PBXContainerItemProxy */ = {
			isa = PBXContainerItemProxy;
			containerPortal = 34AEE30A2F9BBC1E0012922B /* Project object */;
			proxyType = 1;
			remoteGlobalIDString = 34AEE3112F9BBC1E0012922B;
			remoteInfo = PadelManager;
		};
		34AEE32A2F9BBC200012922B /* PBXContainerItemProxy */ = {
			isa = PBXContainerItemProxy;
			containerPortal = 34AEE30A2F9BBC1E0012922B /* Project object */;
			proxyType = 1;
			remoteGlobalIDString = 34AEE3112F9BBC1E0012922B;
			remoteInfo = PadelManager;
		};
/* End PBXContainerItemProxy section */

/* Begin PBXFileReference section */
		24E3AF7CA35C94D90324DE9C /* Release.xcconfig */ = {isa = PBXFileReference; includeInIndex = 1; lastKnownFileType = text.xcconfig; path = Release.xcconfig; sourceTree = "<group>"; };
		345CC63D2FA642B5007E5CE3 /* Secrets.xcconfig */ = {isa = PBXFileReference; lastKnownFileType = text.xcconfig; path = Secrets.xcconfig; sourceTree = "<group>"; };
		34AEE3122F9BBC1E0012922B /* PadelManager.app */ = {isa = PBXFileReference; explicitFileType = wrapper.application; includeInIndex = 0; path = PadelManager.app; sourceTree = BUILT_PRODUCTS_DIR; };
		34AEE31F2F9BBC200012922B /* PadelManagerTests.xctest */ = {isa = PBXFileReference; explicitFileType = wrapper.cfbundle; includeInIndex = 0; path = PadelManagerTests.xctest; sourceTree = BUILT_PRODUCTS_DIR; };
		34AEE3292F9BBC200012922B /* PadelManagerUITests.xctest */ = {isa = PBXFileReference; explicitFileType = wrapper.cfbundle; includeInIndex = 0; path = PadelManagerUITests.xctest; sourceTree = BUILT_PRODUCTS_DIR; };
		34AEE3542F9BC5590012922B /* GoogleService-Info.plist */ = {isa = PBXFileReference; lastKnownFileType = text.plist.xml; path = "GoogleService-Info.plist"; sourceTree = "<group>"; };
		86D2F91C91868BFD948EC086 /* Secrets.xcconfig.example */ = {isa = PBXFileReference; includeInIndex = 1; lastKnownFileType = text.xcconfig; path = Secrets.xcconfig.example; sourceTree = "<group>"; };
		893160AC2B707765B505614E /* Shared.xcconfig */ = {isa = PBXFileReference; includeInIndex = 1; lastKnownFileType = text.xcconfig; path = Shared.xcconfig; sourceTree = "<group>"; };
		9183EAF8F82F2570F8E5BDC7 /* Debug.xcconfig */ = {isa = PBXFileReference; includeInIndex = 1; lastKnownFileType = text.xcconfig; path = Debug.xcconfig; sourceTree = "<group>"; };
/* End PBXFileReference section */

/* Begin PBXFileSystemSynchronizedBuildFileExceptionSet section */
		3471C8122F9D2719000A9541 /* Exceptions for "PadelManager" folder in "PadelManager" target */ = {
			isa = PBXFileSystemSynchronizedBuildFileExceptionSet;
			membershipExceptions = (
				Info.plist,
			);
			target = 34AEE3112F9BBC1E0012922B /* PadelManager */;
		};
/* End PBXFileSystemSynchronizedBuildFileExceptionSet section */

/* Begin PBXFileSystemSynchronizedRootGroup section */
		34AEE3142F9BBC1E0012922B /* PadelManager */ = {
			isa = PBXFileSystemSynchronizedRootGroup;
			exceptions = (
				3471C8122F9D2719000A9541 /* Exceptions for "PadelManager" folder in "PadelManager" target */,
			);
			path = PadelManager;
			sourceTree = "<group>";
		};
		34AEE3222F9BBC200012922B /* PadelManagerTests */ = {
			isa = PBXFileSystemSynchronizedRootGroup;
			path = PadelManagerTests;
			sourceTree = "<group>";
		};
		34AEE32C2F9BBC200012922B /* PadelManagerUITests */ = {
			isa = PBXFileSystemSynchronizedRootGroup;
			path = PadelManagerUITests;
			sourceTree = "<group>";
		};
/* End PBXFileSystemSynchronizedRootGroup section */

/* Begin PBXFrameworksBuildPhase section */
		34AEE30F2F9BBC1E0012922B /* Frameworks */ = {
			isa = PBXFrameworksBuildPhase;
			buildActionMask = 2147483647;
			files = (
				34AEE36F2F9BC67B0012922B /* FirebaseFirestore in Frameworks */,
				34AEE37B2F9BC67B0012922B /* FirebaseRemoteConfig in Frameworks */,
				34AEE3D12F9D0A560012922B /* GoogleMobileAds in Frameworks */,
				34AEE36D2F9BC67B0012922B /* FirebaseDatabase in Frameworks */,
				34AEE3692F9BC67B0012922B /* FirebaseCore in Frameworks */,
				34AEE3672F9BC67B0012922B /* FirebaseAuth in Frameworks */,
			);
			runOnlyForDeploymentPostprocessing = 0;
		};
		34AEE31C2F9BBC200012922B /* Frameworks */ = {
			isa = PBXFrameworksBuildPhase;
			buildActionMask = 2147483647;
			files = (
			);
			runOnlyForDeploymentPostprocessing = 0;
		};
		34AEE3262F9BBC200012922B /* Frameworks */ = {
			isa = PBXFrameworksBuildPhase;
			buildActionMask = 2147483647;
			files = (
			);
			runOnlyForDeploymentPostprocessing = 0;
		};
/* End PBXFrameworksBuildPhase section */

/* Begin PBXGroup section */
		34AEE3092F9BBC1E0012922B = {
			isa = PBXGroup;
			children = (
				34AEE3142F9BBC1E0012922B /* PadelManager */,
				34AEE3222F9BBC200012922B /* PadelManagerTests */,
				34AEE32C2F9BBC200012922B /* PadelManagerUITests */,
				34AEE3132F9BBC1E0012922B /* Products */,
				34AEE3542F9BC5590012922B /* GoogleService-Info.plist */,
				58678C06B55720AA0185B7BB /* Config */,
			);
			sourceTree = "<group>";
		};
		34AEE3132F9BBC1E0012922B /* Products */ = {
			isa = PBXGroup;
			children = (
				34AEE3122F9BBC1E0012922B /* PadelManager.app */,
				34AEE31F2F9BBC200012922B /* PadelManagerTests.xctest */,
				34AEE3292F9BBC200012922B /* PadelManagerUITests.xctest */,
			);
			name = Products;
			sourceTree = "<group>";
		};
		58678C06B55720AA0185B7BB /* Config */ = {
			isa = PBXGroup;
			children = (
				345CC63D2FA642B5007E5CE3 /* Secrets.xcconfig */,
				9183EAF8F82F2570F8E5BDC7 /* Debug.xcconfig */,
				24E3AF7CA35C94D90324DE9C /* Release.xcconfig */,
				893160AC2B707765B505614E /* Shared.xcconfig */,
				86D2F91C91868BFD948EC086 /* Secrets.xcconfig.example */,
			);
			path = Config;
			sourceTree = "<group>";
		};
/* End PBXGroup section */

/* Begin PBXNativeTarget section */
		34AEE3112F9BBC1E0012922B /* PadelManager */ = {
			isa = PBXNativeTarget;
			buildConfigurationList = 34AEE3332F9BBC200012922B /* Build configuration list for PBXNativeTarget "PadelManager" */;
			buildPhases = (
				34AEE30E2F9BBC1E0012922B /* Sources */,
				34AEE30F2F9BBC1E0012922B /* Frameworks */,
				34AEE3102F9BBC1E0012922B /* Resources */,
			);
			buildRules = (
			);
			dependencies = (
			);
			fileSystemSynchronizedGroups = (
				34AEE3142F9BBC1E0012922B /* PadelManager */,
			);
			name = PadelManager;
			packageProductDependencies = (
				34AEE3662F9BC67B0012922B /* FirebaseAuth */,
				34AEE3682F9BC67B0012922B /* FirebaseCore */,
				34AEE36C2F9BC67B0012922B /* FirebaseDatabase */,
				34AEE36E2F9BC67B0012922B /* FirebaseFirestore */,
				34AEE37A2F9BC67B0012922B /* FirebaseRemoteConfig */,
				34AEE3D02F9D0A560012922B /* GoogleMobileAds */,
			);
			productName = PadelManager;
			productReference = 34AEE3122F9BBC1E0012922B /* PadelManager.app */;
			productType = "com.apple.product-type.application";
		};
		34AEE31E2F9BBC200012922B /* PadelManagerTests */ = {
			isa = PBXNativeTarget;
			buildConfigurationList = 34AEE3362F9BBC200012922B /* Build configuration list for PBXNativeTarget "PadelManagerTests" */;
			buildPhases = (
				34AEE31B2F9BBC200012922B /* Sources */,
				34AEE31C2F9BBC200012922B /* Frameworks */,
				34AEE31D2F9BBC200012922B /* Resources */,
			);
			buildRules = (
			);
			dependencies = (
				34AEE3212F9BBC200012922B /* PBXTargetDependency */,
			);
			fileSystemSynchronizedGroups = (
				34AEE3222F9BBC200012922B /* PadelManagerTests */,
			);
			name = PadelManagerTests;
			productName = PadelManagerTests;
			productReference = 34AEE31F2F9BBC200012922B /* PadelManagerTests.xctest */;
			productType = "com.apple.product-type.bundle.unit-test";
		};
		34AEE3282F9BBC200012922B /* PadelManagerUITests */ = {
			isa = PBXNativeTarget;
			buildConfigurationList = 34AEE3392F9BBC200012922B /* Build configuration list for PBXNativeTarget "PadelManagerUITests" */;
			buildPhases = (
				34AEE3252F9BBC200012922B /* Sources */,
				34AEE3262F9BBC200012922B /* Frameworks */,
				34AEE3272F9BBC200012922B /* Resources */,
			);
			buildRules = (
			);
			dependencies = (
				34AEE32B2F9BBC200012922B /* PBXTargetDependency */,
			);
			fileSystemSynchronizedGroups = (
				34AEE32C2F9BBC200012922B /* PadelManagerUITests */,
			);
			name = PadelManagerUITests;
			productName = PadelManagerUITests;
			productReference = 34AEE3292F9BBC200012922B /* PadelManagerUITests.xctest */;
			productType = "com.apple.product-type.bundle.ui-testing";
		};
/* End PBXNativeTarget section */

/* Begin PBXProject section */
		34AEE30A2F9BBC1E0012922B /* Project object */ = {
			isa = PBXProject;
			attributes = {
				BuildIndependentTargetsInParallel = 1;
				LastSwiftUpdateCheck = 2640;
				LastUpgradeCheck = 2640;
				TargetAttributes = {
					34AEE3112F9BBC1E0012922B = {
						CreatedOnToolsVersion = 26.4.1;
					};
					34AEE31E2F9BBC200012922B = {
						CreatedOnToolsVersion = 26.4.1;
						TestTargetID = 34AEE3112F9BBC1E0012922B;
					};
					34AEE3282F9BBC200012922B = {
						CreatedOnToolsVersion = 26.4.1;
						TestTargetID = 34AEE3112F9BBC1E0012922B;
					};
				};
			};
			buildConfigurationList = 34AEE30D2F9BBC1E0012922B /* Build configuration list for PBXProject "PadelManager" */;
			developmentRegion = en;
			hasScannedForEncodings = 0;
			knownRegions = (
				en,
				Base,
			);
			mainGroup = 34AEE3092F9BBC1E0012922B;
			minimizedProjectReferenceProxies = 1;
			packageReferences = (
				34AEE3572F9BC67B0012922B /* XCRemoteSwiftPackageReference "firebase-ios-sdk" */,
				34AEE3CF2F9D0A560012922B /* XCRemoteSwiftPackageReference "swift-package-manager-google-mobile-ads" */,
			);
			preferredProjectObjectVersion = 77;
			productRefGroup = 34AEE3132F9BBC1E0012922B /* Products */;
			projectDirPath = "";
			projectRoot = "";
			targets = (
				34AEE3112F9BBC1E0012922B /* PadelManager */,
				34AEE31E2F9BBC200012922B /* PadelManagerTests */,
				34AEE3282F9BBC200012922B /* PadelManagerUITests */,
			);
		};
/* End PBXProject section */

/* Begin PBXResourcesBuildPhase section */
		34AEE3102F9BBC1E0012922B /* Resources */ = {
			isa = PBXResourcesBuildPhase;
			buildActionMask = 2147483647;
			files = (
				34AEE3562F9BC5590012922B /* GoogleService-Info.plist in Resources */,
			);
			runOnlyForDeploymentPostprocessing = 0;
		};
		34AEE31D2F9BBC200012922B /* Resources */ = {
			isa = PBXResourcesBuildPhase;
			buildActionMask = 2147483647;
			files = (
				34AEE3552F9BC5590012922B /* GoogleService-Info.plist in Resources */,
			);
			runOnlyForDeploymentPostprocessing = 0;
		};
		34AEE3272F9BBC200012922B /* Resources */ = {
			isa = PBXResourcesBuildPhase;
			buildActionMask = 2147483647;
			files = (
			);
			runOnlyForDeploymentPostprocessing = 0;
		};
/* End PBXResourcesBuildPhase section */

/* Begin PBXSourcesBuildPhase section */
		34AEE30E2F9BBC1E0012922B /* Sources */ = {
			isa = PBXSourcesBuildPhase;
			buildActionMask = 2147483647;
			files = (
			);
			runOnlyForDeploymentPostprocessing = 0;
		};
		34AEE31B2F9BBC200012922B /* Sources */ = {
			isa = PBXSourcesBuildPhase;
			buildActionMask = 2147483647;
			files = (
			);
			runOnlyForDeploymentPostprocessing = 0;
		};
		34AEE3252F9BBC200012922B /* Sources */ = {
			isa = PBXSourcesBuildPhase;
			buildActionMask = 2147483647;
			files = (
			);
			runOnlyForDeploymentPostprocessing = 0;
		};
/* End PBXSourcesBuildPhase section */

/* Begin PBXTargetDependency section */
		34AEE3212F9BBC200012922B /* PBXTargetDependency */ = {
			isa = PBXTargetDependency;
			target = 34AEE3112F9BBC1E0012922B /* PadelManager */;
			targetProxy = 34AEE3202F9BBC200012922B /* PBXContainerItemProxy */;
		};
		34AEE32B2F9BBC200012922B /* PBXTargetDependency */ = {
			isa = PBXTargetDependency;
			target = 34AEE3112F9BBC1E0012922B /* PadelManager */;
			targetProxy = 34AEE32A2F9BBC200012922B /* PBXContainerItemProxy */;
		};
/* End PBXTargetDependency section */

/* Begin XCBuildConfiguration section */
		34AEE3312F9BBC200012922B /* Debug */ = {
			isa = XCBuildConfiguration;
			baseConfigurationReference = 9183EAF8F82F2570F8E5BDC7 /* Debug.xcconfig */;
			buildSettings = {
				ALWAYS_SEARCH_USER_PATHS = NO;
				ASSETCATALOG_COMPILER_GENERATE_SWIFT_ASSET_SYMBOL_EXTENSIONS = YES;
				CLANG_ANALYZER_NONNULL = YES;
				CLANG_ANALYZER_NUMBER_OBJECT_CONVERSION = YES_AGGRESSIVE;
				CLANG_CXX_LANGUAGE_STANDARD = "gnu++20";
				CLANG_ENABLE_MODULES = YES;
				CLANG_ENABLE_OBJC_ARC = YES;
				CLANG_ENABLE_OBJC_WEAK = YES;
				CLANG_WARN_BLOCK_CAPTURE_AUTORELEASING = YES;
				CLANG_WARN_BOOL_CONVERSION = YES;
				CLANG_WARN_COMMA = YES;
				CLANG_WARN_CONSTANT_CONVERSION = YES;
				CLANG_WARN_DEPRECATED_OBJC_IMPLEMENTATIONS = YES;
				CLANG_WARN_DIRECT_OBJC_ISA_USAGE = YES_ERROR;
				CLANG_WARN_DOCUMENTATION_COMMENTS = YES;
				CLANG_WARN_EMPTY_BODY = YES;
				CLANG_WARN_ENUM_CONVERSION = YES;
				CLANG_WARN_INFINITE_RECURSION = YES;
				CLANG_WARN_INT_CONVERSION = YES;
				CLANG_WARN_NON_LITERAL_NULL_CONVERSION = YES;
				CLANG_WARN_OBJC_IMPLICIT_RETAIN_SELF = YES;
				CLANG_WARN_OBJC_LITERAL_CONVERSION = YES;
				CLANG_WARN_OBJC_ROOT_CLASS = YES_ERROR;
				CLANG_WARN_QUOTED_INCLUDE_IN_FRAMEWORK_HEADER = YES;
				CLANG_WARN_RANGE_LOOP_ANALYSIS = YES;
				CLANG_WARN_STRICT_PROTOTYPES = YES;
				CLANG_WARN_SUSPICIOUS_MOVE = YES;
				CLANG_WARN_UNGUARDED_AVAILABILITY = YES_AGGRESSIVE;
				CLANG_WARN_UNREACHABLE_CODE = YES;
				CLANG_WARN__DUPLICATE_METHOD_MATCH = YES;
				COPY_PHASE_STRIP = NO;
				DEBUG_INFORMATION_FORMAT = dwarf;
				DEVELOPMENT_TEAM = KK4TXUS6YX;
				ENABLE_STRICT_OBJC_MSGSEND = YES;
				ENABLE_TESTABILITY = YES;
				ENABLE_USER_SCRIPT_SANDBOXING = YES;
				GCC_C_LANGUAGE_STANDARD = gnu17;
				GCC_DYNAMIC_NO_PIC = NO;
				GCC_NO_COMMON_BLOCKS = YES;
				GCC_OPTIMIZATION_LEVEL = 0;
				GCC_PREPROCESSOR_DEFINITIONS = (
					"DEBUG=1",
					"$(inherited)",
				);
				GCC_WARN_64_TO_32_BIT_CONVERSION = YES;
				GCC_WARN_ABOUT_RETURN_TYPE = YES_ERROR;
				GCC_WARN_UNDECLARED_SELECTOR = YES;
				GCC_WARN_UNINITIALIZED_AUTOS = YES_AGGRESSIVE;
				GCC_WARN_UNUSED_FUNCTION = YES;
				GCC_WARN_UNUSED_VARIABLE = YES;
				IPHONEOS_DEPLOYMENT_TARGET = 26.4;
				LOCALIZATION_PREFERS_STRING_CATALOGS = YES;
				MTL_ENABLE_DEBUG_INFO = INCLUDE_SOURCE;
				MTL_FAST_MATH = YES;
				ONLY_ACTIVE_ARCH = YES;
				SDKROOT = iphoneos;
				SWIFT_ACTIVE_COMPILATION_CONDITIONS = "DEBUG $(inherited)";
				SWIFT_OPTIMIZATION_LEVEL = "-Onone";
			};
			name = Debug;
		};
		34AEE3322F9BBC200012922B /* Release */ = {
			isa = XCBuildConfiguration;
			baseConfigurationReference = 24E3AF7CA35C94D90324DE9C /* Release.xcconfig */;
			buildSettings = {
				ALWAYS_SEARCH_USER_PATHS = NO;
				ASSETCATALOG_COMPILER_GENERATE_SWIFT_ASSET_SYMBOL_EXTENSIONS = YES;
				CLANG_ANALYZER_NONNULL = YES;
				CLANG_ANALYZER_NUMBER_OBJECT_CONVERSION = YES_AGGRESSIVE;
				CLANG_CXX_LANGUAGE_STANDARD = "gnu++20";
				CLANG_ENABLE_MODULES = YES;
				CLANG_ENABLE_OBJC_ARC = YES;
				CLANG_ENABLE_OBJC_WEAK = YES;
				CLANG_WARN_BLOCK_CAPTURE_AUTORELEASING = YES;
				CLANG_WARN_BOOL_CONVERSION = YES;
				CLANG_WARN_COMMA = YES;
				CLANG_WARN_CONSTANT_CONVERSION = YES;
				CLANG_WARN_DEPRECATED_OBJC_IMPLEMENTATIONS = YES;
				CLANG_WARN_DIRECT_OBJC_ISA_USAGE = YES_ERROR;
				CLANG_WARN_DOCUMENTATION_COMMENTS = YES;
				CLANG_WARN_EMPTY_BODY = YES;
				CLANG_WARN_ENUM_CONVERSION = YES;
				CLANG_WARN_INFINITE_RECURSION = YES;
				CLANG_WARN_INT_CONVERSION = YES;
				CLANG_WARN_NON_LITERAL_NULL_CONVERSION = YES;
				CLANG_WARN_OBJC_IMPLICIT_RETAIN_SELF = YES;
				CLANG_WARN_OBJC_LITERAL_CONVERSION = YES;
				CLANG_WARN_OBJC_ROOT_CLASS = YES_ERROR;
				CLANG_WARN_QUOTED_INCLUDE_IN_FRAMEWORK_HEADER = YES;
				CLANG_WARN_RANGE_LOOP_ANALYSIS = YES;
				CLANG_WARN_STRICT_PROTOTYPES = YES;
				CLANG_WARN_SUSPICIOUS_MOVE = YES;
				CLANG_WARN_UNGUARDED_AVAILABILITY = YES_AGGRESSIVE;
				CLANG_WARN_UNREACHABLE_CODE = YES;
				CLANG_WARN__DUPLICATE_METHOD_MATCH = YES;
				COPY_PHASE_STRIP = NO;
				DEBUG_INFORMATION_FORMAT = "dwarf-with-dsym";
				DEVELOPMENT_TEAM = KK4TXUS6YX;
				ENABLE_NS_ASSERTIONS = NO;
				ENABLE_STRICT_OBJC_MSGSEND = YES;
				ENABLE_USER_SCRIPT_SANDBOXING = YES;
				GCC_C_LANGUAGE_STANDARD = gnu17;
				GCC_NO_COMMON_BLOCKS = YES;
				GCC_WARN_64_TO_32_BIT_CONVERSION = YES;
				GCC_WARN_ABOUT_RETURN_TYPE = YES_ERROR;
				GCC_WARN_UNDECLARED_SELECTOR = YES;
				GCC_WARN_UNINITIALIZED_AUTOS = YES_AGGRESSIVE;
				GCC_WARN_UNUSED_FUNCTION = YES;
				GCC_WARN_UNUSED_VARIABLE = YES;
				IPHONEOS_DEPLOYMENT_TARGET = 26.4;
				LOCALIZATION_PREFERS_STRING_CATALOGS = YES;
				MTL_ENABLE_DEBUG_INFO = NO;
				MTL_FAST_MATH = YES;
				SDKROOT = iphoneos;
				SWIFT_COMPILATION_MODE = wholemodule;
				VALIDATE_PRODUCT = YES;
			};
			name = Release;
		};
		34AEE3342F9BBC200012922B /* Debug */ = {
			isa = XCBuildConfiguration;
			buildSettings = {
				ASSETCATALOG_COMPILER_APPICON_NAME = AppIcon;
				ASSETCATALOG_COMPILER_GLOBAL_ACCENT_COLOR_NAME = AccentColor;
				CODE_SIGN_STYLE = Automatic;
				CURRENT_PROJECT_VERSION = 1;
				DEVELOPMENT_TEAM = KK4TXUS6YX;
				ENABLE_PREVIEWS = YES;
				GENERATE_INFOPLIST_FILE = YES;
				INFOPLIST_FILE = PadelManager/Info.plist;
				INFOPLIST_KEY_NSUserTrackingUsageDescription = "This app wants to track you so it delivers personalised ads.";
				INFOPLIST_KEY_UIApplicationSceneManifest_Generation = YES;
				INFOPLIST_KEY_UIApplicationSupportsIndirectInputEvents = YES;
				INFOPLIST_KEY_UILaunchScreen_Generation = YES;
				INFOPLIST_KEY_UISupportedInterfaceOrientations_iPad = "UIInterfaceOrientationPortrait UIInterfaceOrientationPortraitUpsideDown UIInterfaceOrientationLandscapeLeft UIInterfaceOrientationLandscapeRight";
				INFOPLIST_KEY_UISupportedInterfaceOrientations_iPhone = "UIInterfaceOrientationPortrait UIInterfaceOrientationLandscapeLeft UIInterfaceOrientationLandscapeRight";
				LD_RUNPATH_SEARCH_PATHS = (
					"$(inherited)",
					"@executable_path/Frameworks",
				);
				MARKETING_VERSION = 1.0;
				PRODUCT_BUNDLE_IDENTIFIER = com.VladVorniceanu.PadelManager;
				PRODUCT_NAME = "$(TARGET_NAME)";
				STRING_CATALOG_GENERATE_SYMBOLS = YES;
				SUPPORTED_PLATFORMS = "iphoneos iphonesimulator";
				SUPPORTS_MACCATALYST = NO;
				SUPPORTS_XR_DESIGNED_FOR_IPHONE_IPAD = NO;
				SWIFT_APPROACHABLE_CONCURRENCY = YES;
				SWIFT_DEFAULT_ACTOR_ISOLATION = MainActor;
				SWIFT_EMIT_LOC_STRINGS = YES;
				SWIFT_UPCOMING_FEATURE_MEMBER_IMPORT_VISIBILITY = YES;
				SWIFT_VERSION = 5.0;
				TARGETED_DEVICE_FAMILY = "1,2";
			};
			name = Debug;
		};
		34AEE3352F9BBC200012922B /* Release */ = {
			isa = XCBuildConfiguration;
			buildSettings = {
				ASSETCATALOG_COMPILER_APPICON_NAME = AppIcon;
				ASSETCATALOG_COMPILER_GLOBAL_ACCENT_COLOR_NAME = AccentColor;
				CODE_SIGN_STYLE = Automatic;
				CURRENT_PROJECT_VERSION = 1;
				DEVELOPMENT_TEAM = KK4TXUS6YX;
				ENABLE_PREVIEWS = YES;
				GENERATE_INFOPLIST_FILE = YES;
				INFOPLIST_FILE = PadelManager/Info.plist;
				INFOPLIST_KEY_NSUserTrackingUsageDescription = "This app wants to track you so it delivers personalised ads.";
				INFOPLIST_KEY_UIApplicationSceneManifest_Generation = YES;
				INFOPLIST_KEY_UIApplicationSupportsIndirectInputEvents = YES;
				INFOPLIST_KEY_UILaunchScreen_Generation = YES;
				INFOPLIST_KEY_UISupportedInterfaceOrientations_iPad = "UIInterfaceOrientationPortrait UIInterfaceOrientationPortraitUpsideDown UIInterfaceOrientationLandscapeLeft UIInterfaceOrientationLandscapeRight";
				INFOPLIST_KEY_UISupportedInterfaceOrientations_iPhone = "UIInterfaceOrientationPortrait UIInterfaceOrientationLandscapeLeft UIInterfaceOrientationLandscapeRight";
				LD_RUNPATH_SEARCH_PATHS = (
					"$(inherited)",
					"@executable_path/Frameworks",
				);
				MARKETING_VERSION = 1.0;
				PRODUCT_BUNDLE_IDENTIFIER = com.VladVorniceanu.PadelManager;
				PRODUCT_NAME = "$(TARGET_NAME)";
				STRING_CATALOG_GENERATE_SYMBOLS = YES;
				SUPPORTED_PLATFORMS = "iphoneos iphonesimulator";
				SUPPORTS_MACCATALYST = NO;
				SUPPORTS_XR_DESIGNED_FOR_IPHONE_IPAD = NO;
				SWIFT_APPROACHABLE_CONCURRENCY = YES;
				SWIFT_DEFAULT_ACTOR_ISOLATION = MainActor;
				SWIFT_EMIT_LOC_STRINGS = YES;
				SWIFT_UPCOMING_FEATURE_MEMBER_IMPORT_VISIBILITY = YES;
				SWIFT_VERSION = 5.0;
				TARGETED_DEVICE_FAMILY = "1,2";
			};
			name = Release;
		};
		34AEE3372F9BBC200012922B /* Debug */ = {
			isa = XCBuildConfiguration;
			buildSettings = {
				BUNDLE_LOADER = "$(TEST_HOST)";
				CODE_SIGN_STYLE = Automatic;
				CURRENT_PROJECT_VERSION = 1;
				DEVELOPMENT_TEAM = KK4TXUS6YX;
				GENERATE_INFOPLIST_FILE = YES;
				IPHONEOS_DEPLOYMENT_TARGET = 26.4;
				MARKETING_VERSION = 1.0;
				PRODUCT_BUNDLE_IDENTIFIER = com.VladVorniceanu.PadelManagerTests;
				PRODUCT_NAME = "$(TARGET_NAME)";
				STRING_CATALOG_GENERATE_SYMBOLS = NO;
				SWIFT_APPROACHABLE_CONCURRENCY = YES;
				SWIFT_EMIT_LOC_STRINGS = NO;
				SWIFT_UPCOMING_FEATURE_MEMBER_IMPORT_VISIBILITY = YES;
				SWIFT_VERSION = 5.0;
				TARGETED_DEVICE_FAMILY = "1,2";
				TEST_HOST = "$(BUILT_PRODUCTS_DIR)/PadelManager.app/$(BUNDLE_EXECUTABLE_FOLDER_PATH)/PadelManager";
			};
			name = Debug;
		};
		34AEE3382F9BBC200012922B /* Release */ = {
			isa = XCBuildConfiguration;
			buildSettings = {
				BUNDLE_LOADER = "$(TEST_HOST)";
				CODE_SIGN_STYLE = Automatic;
				CURRENT_PROJECT_VERSION = 1;
				DEVELOPMENT_TEAM = KK4TXUS6YX;
				GENERATE_INFOPLIST_FILE = YES;
				IPHONEOS_DEPLOYMENT_TARGET = 26.4;
				MARKETING_VERSION = 1.0;
				PRODUCT_BUNDLE_IDENTIFIER = com.VladVorniceanu.PadelManagerTests;
				PRODUCT_NAME = "$(TARGET_NAME)";
				STRING_CATALOG_GENERATE_SYMBOLS = NO;
				SWIFT_APPROACHABLE_CONCURRENCY = YES;
				SWIFT_EMIT_LOC_STRINGS = NO;
				SWIFT_UPCOMING_FEATURE_MEMBER_IMPORT_VISIBILITY = YES;
				SWIFT_VERSION = 5.0;
				TARGETED_DEVICE_FAMILY = "1,2";
				TEST_HOST = "$(BUILT_PRODUCTS_DIR)/PadelManager.app/$(BUNDLE_EXECUTABLE_FOLDER_PATH)/PadelManager";
			};
			name = Release;
		};
		34AEE33A2F9BBC200012922B /* Debug */ = {
			isa = XCBuildConfiguration;
			buildSettings = {
				CODE_SIGN_STYLE = Automatic;
				CURRENT_PROJECT_VERSION = 1;
				DEVELOPMENT_TEAM = KK4TXUS6YX;
				GENERATE_INFOPLIST_FILE = YES;
				MARKETING_VERSION = 1.0;
				PRODUCT_BUNDLE_IDENTIFIER = com.VladVorniceanu.PadelManagerUITests;
				PRODUCT_NAME = "$(TARGET_NAME)";
				STRING_CATALOG_GENERATE_SYMBOLS = NO;
				SWIFT_APPROACHABLE_CONCURRENCY = YES;
				SWIFT_EMIT_LOC_STRINGS = NO;
				SWIFT_UPCOMING_FEATURE_MEMBER_IMPORT_VISIBILITY = YES;
				SWIFT_VERSION = 5.0;
				TARGETED_DEVICE_FAMILY = "1,2";
				TEST_TARGET_NAME = PadelManager;
			};
			name = Debug;
		};
		34AEE33B2F9BBC200012922B /* Release */ = {
			isa = XCBuildConfiguration;
			buildSettings = {
				CODE_SIGN_STYLE = Automatic;
				CURRENT_PROJECT_VERSION = 1;
				DEVELOPMENT_TEAM = KK4TXUS6YX;
				GENERATE_INFOPLIST_FILE = YES;
				MARKETING_VERSION = 1.0;
				PRODUCT_BUNDLE_IDENTIFIER = com.VladVorniceanu.PadelManagerUITests;
				PRODUCT_NAME = "$(TARGET_NAME)";
				STRING_CATALOG_GENERATE_SYMBOLS = NO;
				SWIFT_APPROACHABLE_CONCURRENCY = YES;
				SWIFT_EMIT_LOC_STRINGS = NO;
				SWIFT_UPCOMING_FEATURE_MEMBER_IMPORT_VISIBILITY = YES;
				SWIFT_VERSION = 5.0;
				TARGETED_DEVICE_FAMILY = "1,2";
				TEST_TARGET_NAME = PadelManager;
			};
			name = Release;
		};
/* End XCBuildConfiguration section */

/* Begin XCConfigurationList section */
		34AEE30D2F9BBC1E0012922B /* Build configuration list for PBXProject "PadelManager" */ = {
			isa = XCConfigurationList;
			buildConfigurations = (
				34AEE3312F9BBC200012922B /* Debug */,
				34AEE3322F9BBC200012922B /* Release */,
			);
			defaultConfigurationIsVisible = 0;
			defaultConfigurationName = Release;
		};
		34AEE3332F9BBC200012922B /* Build configuration list for PBXNativeTarget "PadelManager" */ = {
			isa = XCConfigurationList;
			buildConfigurations = (
				34AEE3342F9BBC200012922B /* Debug */,
				34AEE3352F9BBC200012922B /* Release */,
			);
			defaultConfigurationIsVisible = 0;
			defaultConfigurationName = Release;
		};
		34AEE3362F9BBC200012922B /* Build configuration list for PBXNativeTarget "PadelManagerTests" */ = {
			isa = XCConfigurationList;
			buildConfigurations = (
				34AEE3372F9BBC200012922B /* Debug */,
				34AEE3382F9BBC200012922B /* Release */,
			);
			defaultConfigurationIsVisible = 0;
			defaultConfigurationName = Release;
		};
		34AEE3392F9BBC200012922B /* Build configuration list for PBXNativeTarget "PadelManagerUITests" */ = {
			isa = XCConfigurationList;
			buildConfigurations = (
				34AEE33A2F9BBC200012922B /* Debug */,
				34AEE33B2F9BBC200012922B /* Release */,
			);
			defaultConfigurationIsVisible = 0;
			defaultConfigurationName = Release;
		};
/* End XCConfigurationList section */

/* Begin XCRemoteSwiftPackageReference section */
		34AEE3572F9BC67B0012922B /* XCRemoteSwiftPackageReference "firebase-ios-sdk" */ = {
			isa = XCRemoteSwiftPackageReference;
			repositoryURL = "https://github.com/firebase/firebase-ios-sdk.git";
			requirement = {
				kind = upToNextMajorVersion;
				minimumVersion = 12.12.1;
			};
		};
		34AEE3CF2F9D0A560012922B /* XCRemoteSwiftPackageReference "swift-package-manager-google-mobile-ads" */ = {
			isa = XCRemoteSwiftPackageReference;
			repositoryURL = "https://github.com/googleads/swift-package-manager-google-mobile-ads.git";
			requirement = {
				kind = upToNextMajorVersion;
				minimumVersion = 13.2.0;
			};
		};
/* End XCRemoteSwiftPackageReference section */

/* Begin XCSwiftPackageProductDependency section */
		34AEE3662F9BC67B0012922B /* FirebaseAuth */ = {
			isa = XCSwiftPackageProductDependency;
			package = 34AEE3572F9BC67B0012922B /* XCRemoteSwiftPackageReference "firebase-ios-sdk" */;
			productName = FirebaseAuth;
		};
		34AEE3682F9BC67B0012922B /* FirebaseCore */ = {
			isa = XCSwiftPackageProductDependency;
			package = 34AEE3572F9BC67B0012922B /* XCRemoteSwiftPackageReference "firebase-ios-sdk" */;
			productName = FirebaseCore;
		};
		34AEE36C2F9BC67B0012922B /* FirebaseDatabase */ = {
			isa = XCSwiftPackageProductDependency;
			package = 34AEE3572F9BC67B0012922B /* XCRemoteSwiftPackageReference "firebase-ios-sdk" */;
			productName = FirebaseDatabase;
		};
		34AEE36E2F9BC67B0012922B /* FirebaseFirestore */ = {
			isa = XCSwiftPackageProductDependency;
			package = 34AEE3572F9BC67B0012922B /* XCRemoteSwiftPackageReference "firebase-ios-sdk" */;
			productName = FirebaseFirestore;
		};
		34AEE37A2F9BC67B0012922B /* FirebaseRemoteConfig */ = {
			isa = XCSwiftPackageProductDependency;
			package = 34AEE3572F9BC67B0012922B /* XCRemoteSwiftPackageReference "firebase-ios-sdk" */;
			productName = FirebaseRemoteConfig;
		};
		34AEE3D02F9D0A560012922B /* GoogleMobileAds */ = {
			isa = XCSwiftPackageProductDependency;
			package = 34AEE3CF2F9D0A560012922B /* XCRemoteSwiftPackageReference "swift-package-manager-google-mobile-ads" */;
			productName = GoogleMobileAds;
		};
/* End XCSwiftPackageProductDependency section */
	};
	rootObject = 34AEE30A2F9BBC1E0012922B /* Project object */;
}
